
Microsoft Visual Studio Solution File, Format Version 12.00
# Visual Studio Version 17
VisualStudioVersion = 17.0.31903.59
MinimumVisualStudioVersion = 10.0.40219.1
Project("{FAE04EC0-301F-11D3-BF4B-00C04F79EFBC}") = "HomeLibraryAPI", "HomeLibraryAPI\HomeLibraryAPI.csproj", "{A85B6477-FA6D-4884-9162-33E44B7E4610}"
EndProject
Global
	GlobalSection(SolutionConfigurationPlatforms) = preSolution
		Debug|Any CPU = Debug|Any CPU
		Release|Any CPU = Release|Any CPU
	EndGlobalSection
	GlobalSection(SolutionProperties) = preSolution
		HideSolutionNode = FALSE
	EndGlobalSection
	GlobalSection(ProjectConfigurationPlatforms) = postSolution
		{A85B6477-FA6D-4884-9162-33E44B7E4610}.Debug|Any CPU.ActiveCfg = Debug|Any CPU
		{A85B6477-FA6D-4884-9162-33E44B7E4610}.Debug|Any CPU.Build.0 = Debug|Any CPU
		{A85B6477-FA6D-4884-9162-33E44B7E4610}.Release|Any CPU.ActiveCfg = Release|Any CPU
		{A85B6477-FA6D-4884-9162-33E44B7E4610}.Release|Any CPU.Build.0 = Release|Any CPU
	EndGlobalSection
EndGlobal
